Microsoft Visual Studio Solution File, Format Version 11.00
# Visual Studio 2010
Project("{FAE04EC0-301F-11D3-BF4B-00C04F79EFBC}") = "Demonomicon", "Assembly-CSharp-firstpass.csproj", "{B6D1C4D9-BD95-0449-FB6A-C4A27AFE6878}"
EndProject
Project("{FAE04EC0-301F-11D3-BF4B-00C04F79EFBC}") = "Demonomicon", "Assembly-CSharp.csproj", "{9D4D453A-72C9-EB48-BEC1-394B4E6366A6}"
EndProject
Project("{FAE04EC0-301F-11D3-BF4B-00C04F79EFBC}") = "Demonomicon", "Assembly-CSharp-Editor-firstpass.csproj", "{F1E7C0EF-BDFF-DA55-3582-F96AB624F052}"
EndProject
Global
	GlobalSection(SolutionConfigurationPlatforms) = preSolution
		Debug|Any CPU = Debug|Any CPU
		Release|Any CPU = Release|Any CPU
	EndGlobalSection
	GlobalSection(ProjectConfigurationPlatforms) = postSolution
		{B6D1C4D9-BD95-0449-FB6A-C4A27AFE6878}.Debug|Any CPU.ActiveCfg = Debug|Any CPU
		{B6D1C4D9-BD95-0449-FB6A-C4A27AFE6878}.Debug|Any CPU.Build.0 = Debug|Any CPU
		{B6D1C4D9-BD95-0449-FB6A-C4A27AFE6878}.Release|Any CPU.ActiveCfg = Release|Any CPU
		{B6D1C4D9-BD95-0449-FB6A-C4A27AFE6878}.Release|Any CPU.Build.0 = Release|Any CPU
		{9D4D453A-72C9-EB48-BEC1-394B4E6366A6}.Debug|Any CPU.ActiveCfg = Debug|Any CPU
		{9D4D453A-72C9-EB48-BEC1-394B4E6366A6}.Debug|Any CPU.Build.0 = Debug|Any CPU
		{9D4D453A-72C9-EB48-BEC1-394B4E6366A6}.Release|Any CPU.ActiveCfg = Release|Any CPU
		{9D4D453A-72C9-EB48-BEC1-394B4E6366A6}.Release|Any CPU.Build.0 = Release|Any CPU
		{F1E7C0EF-BDFF-DA55-3582-F96AB624F052}.Debug|Any CPU.ActiveCfg = Debug|Any CPU
		{F1E7C0EF-BDFF-DA55-3582-F96AB624F052}.Debug|Any CPU.Build.0 = Debug|Any CPU
		{F1E7C0EF-BDFF-DA55-3582-F96AB624F052}.Release|Any CPU.ActiveCfg = Release|Any CPU
		{F1E7C0EF-BDFF-DA55-3582-F96AB624F052}.Release|Any CPU.Build.0 = Release|Any CPU
	EndGlobalSection
	GlobalSection(MonoDevelopProperties) = preSolution
		StartupItem = Assembly-CSharp.csproj
	EndGlobalSection
EndGlobal
